
Microsoft Visual Studio Solution File, Format Version 12.00
# Visual Studio 15
VisualStudioVersion = 15.0.27130.2036
MinimumVisualStudioVersion = 10.0.40219.1
Project("{FAE04EC0-301F-11D3-BF4B-00C04F79EFBC}") = "PhoneSmsExemplo.Android", "PhoneSmsExemplo\PhoneSmsExemplo.Android\PhoneSmsExemplo.Android.csproj", "{C8BBC53D-FBEF-4C39-8EB6-00EDAF80E6C2}"
EndProject
Project("{FAE04EC0-301F-11D3-BF4B-00C04F79EFBC}") = "PhoneSmsExemplo.iOS", "PhoneSmsExemplo\PhoneSmsExemplo.iOS\PhoneSmsExemplo.iOS.csproj", "{EC5A1BAA-3DBD-4124-82C7-05FDF7C7766B}"
EndProject
Project("{FAE04EC0-301F-11D3-BF4B-00C04F79EFBC}") = "PhoneSmsExemplo.UWP", "PhoneSmsExemplo\PhoneSmsExemplo.UWP\PhoneSmsExemplo.UWP.csproj", "{FE84D37A-34D4-4E1B-8891-12254E891AB1}"
EndProject
Project("{FAE04EC0-301F-11D3-BF4B-00C04F79EFBC}") = "PhoneSmsExemplo", "PhoneSmsExemplo\PhoneSmsExemplo\PhoneSmsExemplo.csproj", "{330302CA-E0E5-4B00-B1FC-6B2BE48DB796}"
EndProject
Global
	GlobalSection(SolutionConfigurationPlatforms) = preSolution
		Ad-Hoc|Any CPU = Ad-Hoc|Any CPU
		Ad-Hoc|ARM = Ad-Hoc|ARM
		Ad-Hoc|iPhone = Ad-Hoc|iPhone
		Ad-Hoc|iPhoneSimulator = Ad-Hoc|iPhoneSimulator
		Ad-Hoc|x64 = Ad-Hoc|x64
		Ad-Hoc|x86 = Ad-Hoc|x86
		AppStore|Any CPU = AppStore|Any CPU
		AppStore|ARM = AppStore|ARM
		AppStore|iPhone = AppStore|iPhone
		AppStore|iPhoneSimulator = AppStore|iPhoneSimulator
		AppStore|x64 = AppStore|x64
		AppStore|x86 = AppStore|x86
		Debug|Any CPU = Debug|Any CPU
		Debug|ARM = Debug|ARM
		Debug|iPhone = Debug|iPhone
		Debug|iPhoneSimulator = Debug|iPhoneSimulator
		Debug|x64 = Debug|x64
		Debug|x86 = Debug|x86
		Release|Any CPU = Release|Any CPU
		Release|ARM = Release|ARM
		Release|iPhone = Release|iPhone
		Release|iPhoneSimulator = Release|iPhoneSimulator
		Release|x64 = Release|x64
		Release|x86 = Release|x86
	EndGlobalSection
	GlobalSection(ProjectConfigurationPlatforms) = postSolution
		{C8BBC53D-FBEF-4C39-8EB6-00EDAF80E6C2}.Ad-Hoc|Any CPU.ActiveCfg = Release|Any CPU
		{C8BBC53D-FBEF-4C39-8EB6-00EDAF80E6C2}.Ad-Hoc|Any CPU.Build.0 = Release|Any CPU
		{C8BBC53D-FBEF-4C39-8EB6-00EDAF80E6C2}.Ad-Hoc|Any CPU.Deploy.0 = Release|Any CPU
		{C8BBC53D-FBEF-4C39-8EB6-00EDAF80E6C2}.Ad-Hoc|ARM.ActiveCfg = Release|Any CPU
		{C8BBC53D-FBEF-4C39-8EB6-00EDAF80E6C2}.Ad-Hoc|ARM.Build.0 = Release|Any CPU
		{C8BBC53D-FBEF-4C39-8EB6-00EDAF80E6C2}.Ad-Hoc|ARM.Deploy.0 = Release|Any CPU
		{C8BBC53D-FBEF-4C39-8EB6-00EDAF80E6C2}.Ad-Hoc|iPhone.ActiveCfg = Release|Any CPU
		{C8BBC53D-FBEF-4C39-8EB6-00EDAF80E6C2}.Ad-Hoc|iPhone.Build.0 = Release|Any CPU
		{C8BBC53D-FBEF-4C39-8EB6-00EDAF80E6C2}.Ad-Hoc|iPhone.Deploy.0 = Release|Any CPU
		{C8BBC53D-FBEF-4C39-8EB6-00EDAF80E6C2}.Ad-Hoc|iPhoneSimulator.ActiveCfg = Release|Any CPU
		{C8BBC53D-FBEF-4C39-8EB6-00EDAF80E6C2}.Ad-Hoc|iPhoneSimulator.Build.0 = Release|Any CPU
		{C8BBC53D-FBEF-4C39-8EB6-00EDAF80E6C2}.Ad-Hoc|iPhoneSimulator.Deploy.0 = Release|Any CPU
		{C8BBC53D-FBEF-4C39-8EB6-00EDAF80E6C2}.Ad-Hoc|x64.ActiveCfg = Release|Any CPU
		{C8BBC53D-FBEF-4C39-8EB6-00EDAF80E6C2}.Ad-Hoc|x64.Build.0 = Release|Any CPU
		{C8BBC53D-FBEF-4C39-8EB6-00EDAF80E6C2}.Ad-Hoc|x64.Deploy.0 = Release|Any CPU
		{C8BBC53D-FBEF-4C39-8EB6-00EDAF80E6C2}.Ad-Hoc|x86.ActiveCfg = Release|Any CPU
		{C8BBC53D-FBEF-4C39-8EB6-00EDAF80E6C2}.Ad-Hoc|x86.Build.0 = Release|Any CPU
		{C8BBC53D-FBEF-4C39-8EB6-00EDAF80E6C2}.Ad-Hoc|x86.Deploy.0 = Release|Any CPU
		{C8BBC53D-FBEF-4C39-8EB6-00EDAF80E6C2}.AppStore|Any CPU.ActiveCfg = Release|Any CPU
		{C8BBC53D-FBEF-4C39-8EB6-00EDAF80E6C2}.AppStore|Any CPU.Build.0 = Release|Any CPU
		{C8BBC53D-FBEF-4C39-8EB6-00EDAF80E6C2}.AppStore|Any CPU.Deploy.0 = Release|Any CPU
		{C8BBC53D-FBEF-4C39-8EB6-00EDAF80E6C2}.AppStore|ARM.ActiveCfg = Release|Any CPU
		{C8BBC53D-FBEF-4C39-8EB6-00EDAF80E6C2}.AppStore|ARM.Build.0 = Release|Any CPU
		{C8BBC53D-FBEF-4C39-8EB6-00EDAF80E6C2}.AppStore|ARM.Deploy.0 = Release|Any CPU
		{C8BBC53D-FBEF-4C39-8EB6-00EDAF80E6C2}.AppStore|iPhone.ActiveCfg = Release|Any CPU
		{C8BBC53D-FBEF-4C39-8EB6-00EDAF80E6C2}.AppStore|iPhone.Build.0 = Release|Any CPU
		{C8BBC53D-FBEF-4C39-8EB6-00EDAF80E6C2}.AppStore|iPhone.Deploy.0 = Release|Any CPU
		{C8BBC53D-FBEF-4C39-8EB6-00EDAF80E6C2}.AppStore|iPhoneSimulator.ActiveCfg = Release|Any CPU
		{C8BBC53D-FBEF-4C39-8EB6-00EDAF80E6C2}.AppStore|iPhoneSimulator.Build.0 = Release|Any CPU
		{C8BBC53D-FBEF-4C39-8EB6-00EDAF80E6C2}.AppStore|iPhoneSimulator.Deploy.0 = Release|Any CPU
		{C8BBC53D-FBEF-4C39-8EB6-00EDAF80E6C2}.AppStore|x64.ActiveCfg = Release|Any CPU
		{C8BBC53D-FBEF-4C39-8EB6-00EDAF80E6C2}.AppStore|x64.Build.0 = Release|Any CPU
		{C8BBC53D-FBEF-4C39-8EB6-00EDAF80E6C2}.AppStore|x64.Deploy.0 = Release|Any CPU
		{C8BBC53D-FBEF-4C39-8EB6-00EDAF80E6C2}.AppStore|x86.ActiveCfg = Release|Any CPU
		{C8BBC53D-FBEF-4C39-8EB6-00EDAF80E6C2}.AppStore|x86.Build.0 = Release|Any CPU
		{C8BBC53D-FBEF-4C39-8EB6-00EDAF80E6C2}.AppStore|x86.Deploy.0 = Release|Any CPU
		{C8BBC53D-FBEF-4C39-8EB6-00EDAF80E6C2}.Debug|Any CPU.ActiveCfg = Debug|Any CPU
		{C8BBC53D-FBEF-4C39-8EB6-00EDAF80E6C2}.Debug|Any CPU.Build.0 = Debug|Any CPU
		{C8BBC53D-FBEF-4C39-8EB6-00EDAF80E6C2}.Debug|Any CPU.Deploy.0 = Debug|Any CPU
		{C8BBC53D-FBEF-4C39-8EB6-00EDAF80E6C2}.Debug|ARM.ActiveCfg = Debug|Any CPU
		{C8BBC53D-FBEF-4C39-8EB6-00EDAF80E6C2}.Debug|ARM.Build.0 = Debug|Any CPU
		{C8BBC53D-FBEF-4C39-8EB6-00EDAF80E6C2}.Debug|ARM.Deploy.0 = Debug|Any CPU
		{C8BBC53D-FBEF-4C39-8EB6-00EDAF80E6C2}.Debug|iPhone.ActiveCfg = Debug|Any CPU
		{C8BBC53D-FBEF-4C39-8EB6-00EDAF80E6C2}.Debug|iPhone.Build.0 = Debug|Any CPU
		{C8BBC53D-FBEF-4C39-8EB6-00EDAF80E6C2}.Debug|iPhone.Deploy.0 = Debug|Any CPU
		{C8BBC53D-FBEF-4C39-8EB6-00EDAF80E6C2}.Debug|iPhoneSimulator.ActiveCfg = Debug|Any CPU
		{C8BBC53D-FBEF-4C39-8EB6-00EDAF80E6C2}.Debug|iPhoneSimulator.Build.0 = Debug|Any CPU
		{C8BBC53D-FBEF-4C39-8EB6-00EDAF80E6C2}.Debug|iPhoneSimulator.Deploy.0 = Debug|Any CPU
		{C8BBC53D-FBEF-4C39-8EB6-00EDAF80E6C2}.Debug|x64.ActiveCfg = Debug|Any CPU
		{C8BBC53D-FBEF-4C39-8EB6-00EDAF80E6C2}.Debug|x64.Build.0 = Debug|Any CPU
		{C8BBC53D-FBEF-4C39-8EB6-00EDAF80E6C2}.Debug|x64.Deploy.0 = Debug|Any CPU
		{C8BBC53D-FBEF-4C39-8EB6-00EDAF80E6C2}.Debug|x86.ActiveCfg = Debug|Any CPU
		{C8BBC53D-FBEF-4C39-8EB6-00EDAF80E6C2}.Debug|x86.Build.0 = Debug|Any CPU
		{C8BBC53D-FBEF-4C39-8EB6-00EDAF80E6C2}.Debug|x86.Deploy.0 = Debug|Any CPU
		{C8BBC53D-FBEF-4C39-8EB6-00EDAF80E6C2}.Release|Any CPU.ActiveCfg = Release|Any CPU
		{C8BBC53D-FBEF-4C39-8EB6-00EDAF80E6C2}.Release|Any CPU.Build.0 = Release|Any CPU
		{C8BBC53D-FBEF-4C39-8EB6-00EDAF80E6C2}.Release|Any CPU.Deploy.0 = Release|Any CPU
		{C8BBC53D-FBEF-4C39-8EB6-00EDAF80E6C2}.Release|ARM.ActiveCfg = Release|Any CPU
		{C8BBC53D-FBEF-4C39-8EB6-00EDAF80E6C2}.Release|ARM.Build.0 = Release|Any CPU
		{C8BBC53D-FBEF-4C39-8EB6-00EDAF80E6C2}.Release|ARM.Deploy.0 = Release|Any CPU
		{C8BBC53D-FBEF-4C39-8EB6-00EDAF80E6C2}.Release|iPhone.ActiveCfg = Release|Any CPU
		{C8BBC53D-FBEF-4C39-8EB6-00EDAF80E6C2}.Release|iPhone.Build.0 = Release|Any CPU
		{C8BBC53D-FBEF-4C39-8EB6-00EDAF80E6C2}.Release|iPhone.Deploy.0 = Release|Any CPU
		{C8BBC53D-FBEF-4C39-8EB6-00EDAF80E6C2}.Release|iPhoneSimulator.ActiveCfg = Release|Any CPU
		{C8BBC53D-FBEF-4C39-8EB6-00EDAF80E6C2}.Release|iPhoneSimulator.Build.0 = Release|Any CPU
		{C8BBC53D-FBEF-4C39-8EB6-00EDAF80E6C2}.Release|iPhoneSimulator.Deploy.0 = Release|Any CPU
		{C8BBC53D-FBEF-4C39-8EB6-00EDAF80E6C2}.Release|x64.ActiveCfg = Release|Any CPU
		{C8BBC53D-FBEF-4C39-8EB6-00EDAF80E6C2}.Release|x64.Build.0 = Release|Any CPU
		{C8BBC53D-FBEF-4C39-8EB6-00EDAF80E6C2}.Release|x64.Deploy.0 = Release|Any CPU
		{C8BBC53D-FBEF-4C39-8EB6-00EDAF80E6C2}.Release|x86.ActiveCfg = Release|Any CPU
		{C8BBC53D-FBEF-4C39-8EB6-00EDAF80E6C2}.Release|x86.Build.0 = Release|Any CPU
		{C8BBC53D-FBEF-4C39-8EB6-00EDAF80E6C2}.Release|x86.Deploy.0 = Release|Any CPU
		{EC5A1BAA-3DBD-4124-82C7-05FDF7C7766B}.Ad-Hoc|Any CPU.ActiveCfg = Ad-Hoc|iPhone
		{EC5A1BAA-3DBD-4124-82C7-05FDF7C7766B}.Ad-Hoc|ARM.ActiveCfg = Ad-Hoc|iPhone
		{EC5A1BAA-3DBD-4124-82C7-05FDF7C7766B}.Ad-Hoc|iPhone.ActiveCfg = Ad-Hoc|iPhone
		{EC5A1BAA-3DBD-4124-82C7-05FDF7C7766B}.Ad-Hoc|iPhone.Build.0 = Ad-Hoc|iPhone
		{EC5A1BAA-3DBD-4124-82C7-05FDF7C7766B}.Ad-Hoc|iPhoneSimulator.ActiveCfg = Ad-Hoc|iPhoneSimulator
		{EC5A1BAA-3DBD-4124-82C7-05FDF7C7766B}.Ad-Hoc|iPhoneSimulator.Build.0 = Ad-Hoc|iPhoneSimulator
		{EC5A1BAA-3DBD-4124-82C7-05FDF7C7766B}.Ad-Hoc|x64.ActiveCfg = Ad-Hoc|iPhone
		{EC5A1BAA-3DBD-4124-82C7-05FDF7C7766B}.Ad-Hoc|x86.ActiveCfg = Ad-Hoc|iPhone
		{EC5A1BAA-3DBD-4124-82C7-05FDF7C7766B}.AppStore|Any CPU.ActiveCfg = AppStore|iPhone
		{EC5A1BAA-3DBD-4124-82C7-05FDF7C7766B}.AppStore|ARM.ActiveCfg = AppStore|iPhone
		{EC5A1BAA-3DBD-4124-82C7-05FDF7C7766B}.AppStore|iPhone.ActiveCfg = AppStore|iPhone
		{EC5A1BAA-3DBD-4124-82C7-05FDF7C7766B}.AppStore|iPhone.Build.0 = AppStore|iPhone
		{EC5A1BAA-3DBD-4124-82C7-05FDF7C7766B}.AppStore|iPhoneSimulator.ActiveCfg = AppStore|iPhoneSimulator
		{EC5A1BAA-3DBD-4124-82C7-05FDF7C7766B}.AppStore|iPhoneSimulator.Build.0 = AppStore|iPhoneSimulator
		{EC5A1BAA-3DBD-4124-82C7-05FDF7C7766B}.AppStore|x64.ActiveCfg = AppStore|iPhone
		{EC5A1BAA-3DBD-4124-82C7-05FDF7C7766B}.AppStore|x86.ActiveCfg = AppStore|iPhone
		{EC5A1BAA-3DBD-4124-82C7-05FDF7C7766B}.Debug|Any CPU.ActiveCfg = Debug|iPhone
		{EC5A1BAA-3DBD-4124-82C7-05FDF7C7766B}.Debug|ARM.ActiveCfg = Debug|iPhone
		{EC5A1BAA-3DBD-4124-82C7-05FDF7C7766B}.Debug|iPhone.ActiveCfg = Debug|iPhone
		{EC5A1BAA-3DBD-4124-82C7-05FDF7C7766B}.Debug|iPhone.Build.0 = Debug|iPhone
		{EC5A1BAA-3DBD-4124-82C7-05FDF7C7766B}.Debug|iPhoneSimulator.ActiveCfg = Debug|iPhoneSimulator
		{EC5A1BAA-3DBD-4124-82C7-05FDF7C7766B}.Debug|iPhoneSimulator.Build.0 = Debug|iPhoneSimulator
		{EC5A1BAA-3DBD-4124-82C7-05FDF7C7766B}.Debug|x64.ActiveCfg = Debug|iPhone
		{EC5A1BAA-3DBD-4124-82C7-05FDF7C7766B}.Debug|x86.ActiveCfg = Debug|iPhone
		{EC5A1BAA-3DBD-4124-82C7-05FDF7C7766B}.Release|Any CPU.ActiveCfg = Release|iPhone
		{EC5A1BAA-3DBD-4124-82C7-05FDF7C7766B}.Release|ARM.ActiveCfg = Release|iPhone
		{EC5A1BAA-3DBD-4124-82C7-05FDF7C7766B}.Release|iPhone.ActiveCfg = Release|iPhone
		{EC5A1BAA-3DBD-4124-82C7-05FDF7C7766B}.Release|iPhone.Build.0 = Release|iPhone
		{EC5A1BAA-3DBD-4124-82C7-05FDF7C7766B}.Release|iPhoneSimulator.ActiveCfg = Release|iPhoneSimulator
		{EC5A1BAA-3DBD-4124-82C7-05FDF7C7766B}.Release|iPhoneSimulator.Build.0 = Release|iPhoneSimulator
		{EC5A1BAA-3DBD-4124-82C7-05FDF7C7766B}.Release|x64.ActiveCfg = Release|iPhone
		{EC5A1BAA-3DBD-4124-82C7-05FDF7C7766B}.Release|x86.ActiveCfg = Release|iPhone
		{FE84D37A-34D4-4E1B-8891-12254E891AB1}.Ad-Hoc|Any CPU.ActiveCfg = Release|x86
		{FE84D37A-34D4-4E1B-8891-12254E891AB1}.Ad-Hoc|Any CPU.Build.0 = Release|x86
		{FE84D37A-34D4-4E1B-8891-12254E891AB1}.Ad-Hoc|Any CPU.Deploy.0 = Release|x86
		{FE84D37A-34D4-4E1B-8891-12254E891AB1}.Ad-Hoc|ARM.ActiveCfg = Release|ARM
		{FE84D37A-34D4-4E1B-8891-12254E891AB1}.Ad-Hoc|ARM.Build.0 = Release|ARM
		{FE84D37A-34D4-4E1B-8891-12254E891AB1}.Ad-Hoc|ARM.Deploy.0 = Release|ARM
		{FE84D37A-34D4-4E1B-8891-12254E891AB1}.Ad-Hoc|iPhone.ActiveCfg = Release|x86
		{FE84D37A-34D4-4E1B-8891-12254E891AB1}.Ad-Hoc|iPhone.Build.0 = Release|x86
		{FE84D37A-34D4-4E1B-8891-12254E891AB1}.Ad-Hoc|iPhone.Deploy.0 = Release|x86
		{FE84D37A-34D4-4E1B-8891-12254E891AB1}.Ad-Hoc|iPhoneSimulator.ActiveCfg = Release|x86
		{FE84D37A-34D4-4E1B-8891-12254E891AB1}.Ad-Hoc|iPhoneSimulator.Build.0 = Release|x86
		{FE84D37A-34D4-4E1B-8891-12254E891AB1}.Ad-Hoc|iPhoneSimulator.Deploy.0 = Release|x86
		{FE84D37A-34D4-4E1B-8891-12254E891AB1}.Ad-Hoc|x64.ActiveCfg = Release|x64
		{FE84D37A-34D4-4E1B-8891-12254E891AB1}.Ad-Hoc|x64.Build.0 = Release|x64
		{FE84D37A-34D4-4E1B-8891-12254E891AB1}.Ad-Hoc|x64.Deploy.0 = Release|x64
		{FE84D37A-34D4-4E1B-8891-12254E891AB1}.Ad-Hoc|x86.ActiveCfg = Release|x86
		{FE84D37A-34D4-4E1B-8891-12254E891AB1}.Ad-Hoc|x86.Build.0 = Release|x86
		{FE84D37A-34D4-4E1B-8891-12254E891AB1}.Ad-Hoc|x86.Deploy.0 = Release|x86
		{FE84D37A-34D4-4E1B-8891-12254E891AB1}.AppStore|Any CPU.ActiveCfg = Release|x86
		{FE84D37A-34D4-4E1B-8891-12254E891AB1}.AppStore|Any CPU.Build.0 = Release|x86
		{FE84D37A-34D4-4E1B-8891-12254E891AB1}.AppStore|Any CPU.Deploy.0 = Release|x86
		{FE84D37A-34D4-4E1B-8891-12254E891AB1}.AppStore|ARM.ActiveCfg = Release|ARM
		{FE84D37A-34D4-4E1B-8891-12254E891AB1}.AppStore|ARM.Build.0 = Release|ARM
		{FE84D37A-34D4-4E1B-8891-12254E891AB1}.AppStore|ARM.Deploy.0 = Release|ARM
		{FE84D37A-34D4-4E1B-8891-12254E891AB1}.AppStore|iPhone.ActiveCfg = Release|x86
		{FE84D37A-34D4-4E1B-8891-12254E891AB1}.AppStore|iPhone.Build.0 = Release|x86
		{FE84D37A-34D4-4E1B-8891-12254E891AB1}.AppStore|iPhone.Deploy.0 = Release|x86
		{FE84D37A-34D4-4E1B-8891-12254E891AB1}.AppStore|iPhoneSimulator.ActiveCfg = Release|x86
		{FE84D37A-34D4-4E1B-8891-12254E891AB1}.AppStore|iPhoneSimulator.Build.0 = Release|x86
		{FE84D37A-34D4-4E1B-8891-12254E891AB1}.AppStore|iPhoneSimulator.Deploy.0 = Release|x86
		{FE84D37A-34D4-4E1B-8891-12254E891AB1}.AppStore|x64.ActiveCfg = Release|x64
		{FE84D37A-34D4-4E1B-8891-12254E891AB1}.AppStore|x64.Build.0 = Release|x64
		{FE84D37A-34D4-4E1B-8891-12254E891AB1}.AppStore|x64.Deploy.0 = Release|x64
		{FE84D37A-34D4-4E1B-8891-12254E891AB1}.AppStore|x86.ActiveCfg = Release|x86
		{FE84D37A-34D4-4E1B-8891-12254E891AB1}.AppStore|x86.Build.0 = Release|x86
		{FE84D37A-34D4-4E1B-8891-12254E891AB1}.AppStore|x86.Deploy.0 = Release|x86
		{FE84D37A-34D4-4E1B-8891-12254E891AB1}.Debug|Any CPU.ActiveCfg = Debug|x86
		{FE84D37A-34D4-4E1B-8891-12254E891AB1}.Debug|ARM.ActiveCfg = Debug|ARM
		{FE84D37A-34D4-4E1B-8891-12254E891AB1}.Debug|ARM.Build.0 = Debug|ARM
		{FE84D37A-34D4-4E1B-8891-12254E891AB1}.Debug|ARM.Deploy.0 = Debug|ARM
		{FE84D37A-34D4-4E1B-8891-12254E891AB1}.Debug|iPhone.ActiveCfg = Debug|x86
		{FE84D37A-34D4-4E1B-8891-12254E891AB1}.Debug|iPhoneSimulator.ActiveCfg = Debug|x86
		{FE84D37A-34D4-4E1B-8891-12254E891AB1}.Debug|x64.ActiveCfg = Debug|x64
		{FE84D37A-34D4-4E1B-8891-12254E891AB1}.Debug|x64.Build.0 = Debug|x64
		{FE84D37A-34D4-4E1B-8891-12254E891AB1}.Debug|x64.Deploy.0 = Debug|x64
		{FE84D37A-34D4-4E1B-8891-12254E891AB1}.Debug|x86.ActiveCfg = Debug|x86
		{FE84D37A-34D4-4E1B-8891-12254E891AB1}.Debug|x86.Build.0 = Debug|x86
		{FE84D37A-34D4-4E1B-8891-12254E891AB1}.Debug|x86.Deploy.0 = Debug|x86
		{FE84D37A-34D4-4E1B-8891-12254E891AB1}.Release|Any CPU.ActiveCfg = Release|x86
		{FE84D37A-34D4-4E1B-8891-12254E891AB1}.Release|ARM.ActiveCfg = Release|ARM
		{FE84D37A-34D4-4E1B-8891-12254E891AB1}.Release|ARM.Build.0 = Release|ARM
		{FE84D37A-34D4-4E1B-8891-12254E891AB1}.Release|ARM.Deploy.0 = Release|ARM
		{FE84D37A-34D4-4E1B-8891-12254E891AB1}.Release|iPhone.ActiveCfg = Release|x86
		{FE84D37A-34D4-4E1B-8891-12254E891AB1}.Release|iPhoneSimulator.ActiveCfg = Release|x86
		{FE84D37A-34D4-4E1B-8891-12254E891AB1}.Release|x64.ActiveCfg = Release|x64
		{FE84D37A-34D4-4E1B-8891-12254E891AB1}.Release|x64.Build.0 = Release|x64
		{FE84D37A-34D4-4E1B-8891-12254E891AB1}.Release|x64.Deploy.0 = Release|x64
		{FE84D37A-34D4-4E1B-8891-12254E891AB1}.Release|x86.ActiveCfg = Release|x86
		{FE84D37A-34D4-4E1B-8891-12254E891AB1}.Release|x86.Build.0 = Release|x86
		{FE84D37A-34D4-4E1B-8891-12254E891AB1}.Release|x86.Deploy.0 = Release|x86
		{330302CA-E0E5-4B00-B1FC-6B2BE48DB796}.Ad-Hoc|Any CPU.ActiveCfg = Debug|Any CPU
		{330302CA-E0E5-4B00-B1FC-6B2BE48DB796}.Ad-Hoc|Any CPU.Build.0 = Debug|Any CPU
		{330302CA-E0E5-4B00-B1FC-6B2BE48DB796}.Ad-Hoc|ARM.ActiveCfg = Debug|Any CPU
		{330302CA-E0E5-4B00-B1FC-6B2BE48DB796}.Ad-Hoc|ARM.Build.0 = Debug|Any CPU
		{330302CA-E0E5-4B00-B1FC-6B2BE48DB796}.Ad-Hoc|iPhone.ActiveCfg = Debug|Any CPU
		{330302CA-E0E5-4B00-B1FC-6B2BE48DB796}.Ad-Hoc|iPhone.Build.0 = Debug|Any CPU
		{330302CA-E0E5-4B00-B1FC-6B2BE48DB796}.Ad-Hoc|iPhoneSimulator.ActiveCfg = Debug|Any CPU
		{330302CA-E0E5-4B00-B1FC-6B2BE48DB796}.Ad-Hoc|iPhoneSimulator.Build.0 = Debug|Any CPU
		{330302CA-E0E5-4B00-B1FC-6B2BE48DB796}.Ad-Hoc|x64.ActiveCfg = Debug|Any CPU
		{330302CA-E0E5-4B00-B1FC-6B2BE48DB796}.Ad-Hoc|x64.Build.0 = Debug|Any CPU
		{330302CA-E0E5-4B00-B1FC-6B2BE48DB796}.Ad-Hoc|x86.ActiveCfg = Debug|Any CPU
		{330302CA-E0E5-4B00-B1FC-6B2BE48DB796}.Ad-Hoc|x86.Build.0 = Debug|Any CPU
		{330302CA-E0E5-4B00-B1FC-6B2BE48DB796}.AppStore|Any CPU.ActiveCfg = Debug|Any CPU
		{330302CA-E0E5-4B00-B1FC-6B2BE48DB796}.AppStore|Any CPU.Build.0 = Debug|Any CPU
		{330302CA-E0E5-4B00-B1FC-6B2BE48DB796}.AppStore|ARM.ActiveCfg = Debug|Any CPU
		{330302CA-E0E5-4B00-B1FC-6B2BE48DB796}.AppStore|ARM.Build.0 = Debug|Any CPU
		{330302CA-E0E5-4B00-B1FC-6B2BE48DB796}.AppStore|iPhone.ActiveCfg = Debug|Any CPU
		{330302CA-E0E5-4B00-B1FC-6B2BE48DB796}.AppStore|iPhone.Build.0 = Debug|Any CPU
		{330302CA-E0E5-4B00-B1FC-6B2BE48DB796}.AppStore|iPhoneSimulator.ActiveCfg = Debug|Any CPU
		{330302CA-E0E5-4B00-B1FC-6B2BE48DB796}.AppStore|iPhoneSimulator.Build.0 = Debug|Any CPU
		{330302CA-E0E5-4B00-B1FC-6B2BE48DB796}.AppStore|x64.ActiveCfg = Debug|Any CPU
		{330302CA-E0E5-4B00-B1FC-6B2BE48DB796}.AppStore|x64.Build.0 = Debug|Any CPU
		{330302CA-E0E5-4B00-B1FC-6B2BE48DB796}.AppStore|x86.ActiveCfg = Debug|Any CPU
		{330302CA-E0E5-4B00-B1FC-6B2BE48DB796}.AppStore|x86.Build.0 = Debug|Any CPU
		{330302CA-E0E5-4B00-B1FC-6B2BE48DB796}.Debug|Any CPU.ActiveCfg = Debug|Any CPU
		{330302CA-E0E5-4B00-B1FC-6B2BE48DB796}.Debug|Any CPU.Build.0 = Debug|Any CPU
		{330302CA-E0E5-4B00-B1FC-6B2BE48DB796}.Debug|ARM.ActiveCfg = Debug|Any CPU
		{330302CA-E0E5-4B00-B1FC-6B2BE48DB796}.Debug|ARM.Build.0 = Debug|Any CPU
		{330302CA-E0E5-4B00-B1FC-6B2BE48DB796}.Debug|iPhone.ActiveCfg = Debug|Any CPU
		{330302CA-E0E5-4B00-B1FC-6B2BE48DB796}.Debug|iPhone.Build.0 = Debug|Any CPU
		{330302CA-E0E5-4B00-B1FC-6B2BE48DB796}.Debug|iPhoneSimulator.ActiveCfg = Debug|Any CPU
		{330302CA-E0E5-4B00-B1FC-6B2BE48DB796}.Debug|iPhoneSimulator.Build.0 = Debug|Any CPU
		{330302CA-E0E5-4B00-B1FC-6B2BE48DB796}.Debug|x64.ActiveCfg = Debug|Any CPU
		{330302CA-E0E5-4B00-B1FC-6B2BE48DB796}.Debug|x64.Build.0 = Debug|Any CPU
		{330302CA-E0E5-4B00-B1FC-6B2BE48DB796}.Debug|x86.ActiveCfg = Debug|Any CPU
		{330302CA-E0E5-4B00-B1FC-6B2BE48DB796}.Debug|x86.Build.0 = Debug|Any CPU
		{330302CA-E0E5-4B00-B1FC-6B2BE48DB796}.Release|Any CPU.ActiveCfg = Release|Any CPU
		{330302CA-E0E5-4B00-B1FC-6B2BE48DB796}.Release|Any CPU.Build.0 = Release|Any CPU
		{330302CA-E0E5-4B00-B1FC-6B2BE48DB796}.Release|ARM.ActiveCfg = Release|Any CPU
		{330302CA-E0E5-4B00-B1FC-6B2BE48DB796}.Release|ARM.Build.0 = Release|Any CPU
		{330302CA-E0E5-4B00-B1FC-6B2BE48DB796}.Release|iPhone.ActiveCfg = Release|Any CPU
		{330302CA-E0E5-4B00-B1FC-6B2BE48DB796}.Release|iPhone.Build.0 = Release|Any CPU
		{330302CA-E0E5-4B00-B1FC-6B2BE48DB796}.Release|iPhoneSimulator.ActiveCfg = Release|Any CPU
		{330302CA-E0E5-4B00-B1FC-6B2BE48DB796}.Release|iPhoneSimulator.Build.0 = Release|Any CPU
		{330302CA-E0E5-4B00-B1FC-6B2BE48DB796}.Release|x64.ActiveCfg = Release|Any CPU
		{330302CA-E0E5-4B00-B1FC-6B2BE48DB796}.Release|x64.Build.0 = Release|Any CPU
		{330302CA-E0E5-4B00-B1FC-6B2BE48DB796}.Release|x86.ActiveCfg = Release|Any CPU
		{330302CA-E0E5-4B00-B1FC-6B2BE48DB796}.Release|x86.Build.0 = Release|Any CPU
	EndGlobalSection
	GlobalSection(SolutionProperties) = preSolution
		HideSolutionNode = FALSE
	EndGlobalSection
	GlobalSection(ExtensibilityGlobals) = postSolution
		SolutionGuid = {53EFF106-66A4-405B-8B99-A8EC3E8873AF}
	EndGlobalSection
EndGlobal
